// !$*UTF8*$!
{
	archiveVersion = 1;
	classes = {
	};
	objectVersion = 48;
	objects = {

/* Begin PBXBuildFile section */
		EA4060F01F6B4EC500E229F6 /* AppDelegate.swift in Sources */ = {isa = PBXBuildFile; fileRef = EA4060EF1F6B4EC500E229F6 /* AppDelegate.swift */; };
		EA4060F21F6B4EC500E229F6 /* WelcomeVC.swift in Sources */ = {isa = PBXBuildFile; fileRef = EA4060F11F6B4EC500E229F6 /* WelcomeVC.swift */; };
		EA4060F51F6B4EC500E229F6 /* Main.storyboard in Resources */ = {isa = PBXBuildFile; fileRef = EA4060F31F6B4EC500E229F6 /* Main.storyboard */; };
		EA4060F71F6B4EC500E229F6 /* Assets.xcassets in Resources */ = {isa = PBXBuildFile; fileRef = EA4060F61F6B4EC500E229F6 /* Assets.xcassets */; };
		EA4060FA1F6B4EC500E229F6 /* LaunchScreen.storyboard in Resources */ = {isa = PBXBuildFile; fileRef = EA4060F81F6B4EC500E229F6 /* LaunchScreen.storyboard */; };
		EA4061031F6B52BF00E229F6 /* BorderButton.swift in Sources */ = {isa = PBXBuildFile; fileRef = EA4061021F6B52BF00E229F6 /* BorderButton.swift */; };
		EA7271A31F707E3E00F171CE /* LeagueVC.swift in Sources */ = {isa = PBXBuildFile; fileRef = EA7271A21F707E3E00F171CE /* LeagueVC.swift */; };
		EA7271A51F707E4C00F171CE /* SkillVC.swift in Sources */ = {isa = PBXBuildFile; fileRef = EA7271A41F707E4C00F171CE /* SkillVC.swift */; };
/* End PBXBuildFile section */

/* Begin PBXFileReference section */
		EA4060EC1F6B4EC500E229F6 /* swoosh.app */ = {isa = PBXFileReference; explicitFileType = wrapper.application; includeInIndex = 0; path = swoosh.app; sourceTree = BUILT_PRODUCTS_DIR; };
		EA4060EF1F6B4EC500E229F6 /* AppDelegate.swift */ = {isa = PBXFileReference; lastKnownFileType = sourcecode.swift; path = AppDelegate.swift; sourceTree = "<group>"; };
		EA4060F11F6B4EC500E229F6 /* WelcomeVC.swift */ = {isa = PBXFileReference; lastKnownFileType = sourcecode.swift; path = WelcomeVC.swift; sourceTree = "<group>"; };
		EA4060F41F6B4EC500E229F6 /* Base */ = {isa = PBXFileReference; lastKnownFileType = file.storyboard; name = Base; path = Base.lproj/Main.storyboard; sourceTree = "<group>"; };
		EA4060F61F6B4EC500E229F6 /* Assets.xcassets */ = {isa = PBXFileReference; lastKnownFileType = folder.assetcatalog; path = Assets.xcassets; sourceTree = "<group>"; };
		EA4060F91F6B4EC500E229F6 /* Base */ = {isa = PBXFileReference; lastKnownFileType = file.storyboard; name = Base; path = Base.lproj/LaunchScreen.storyboard; sourceTree = "<group>"; };
		EA4060FB1F6B4EC500E229F6 /* Info.plist */ = {isa = PBXFileReference; lastKnownFileType = text.plist.xml; path = Info.plist; sourceTree = "<group>"; };
		EA4061021F6B52BF00E229F6 /* BorderButton.swift */ = {isa = PBXFileReference; lastKnownFileType = sourcecode.swift; path = BorderButton.swift; sourceTree = "<group>"; };
		EA7271A21F707E3E00F171CE /* LeagueVC.swift */ = {isa = PBXFileReference; lastKnownFileType = sourcecode.swift; path = LeagueVC.swift; sourceTree = "<group>"; };
		EA7271A41F707E4C00F171CE /* SkillVC.swift */ = {isa = PBXFileReference; lastKnownFileType = sourcecode.swift; path = SkillVC.swift; sourceTree = "<group>"; };
/* End PBXFileReference section */

/* Begin PBXFrameworksBuildPhase section */
		EA4060E91F6B4EC500E229F6 /* Frameworks */ = {
			isa = PBXFrameworksBuildPhase;
			buildActionMask = 2147483647;
			files = (
			);
			runOnlyForDeploymentPostprocessing = 0;
		};
/* End PBXFrameworksBuildPhase section */

/* Begin PBXGroup section */
		EA4060E31F6B4EC500E229F6 = {
			isa = PBXGroup;
			children = (
				EA4060EE1F6B4EC500E229F6 /* swoosh */,
				EA4060ED1F6B4EC500E229F6 /* Products */,
			);
			sourceTree = "<group>";
		};
		EA4060ED1F6B4EC500E229F6 /* Products */ = {
			isa = PBXGroup;
			children = (
				EA4060EC1F6B4EC500E229F6 /* swoosh.app */,
			);
			name = Products;
			sourceTree = "<group>";
		};
		EA4060EE1F6B4EC500E229F6 /* swoosh */ = {
			isa = PBXGroup;
			children = (
				EA7271A11F707D5200F171CE /* Model */,
				EA7271A01F707D4A00F171CE /* Controller */,
				EA4061011F6B527000E229F6 /* View */,
				EA4060EF1F6B4EC500E229F6 /* AppDelegate.swift */,
				EA4060F31F6B4EC500E229F6 /* Main.storyboard */,
				EA4060F61F6B4EC500E229F6 /* Assets.xcassets */,
				EA4060F81F6B4EC500E229F6 /* LaunchScreen.storyboard */,
				EA4060FB1F6B4EC500E229F6 /* Info.plist */,
			);
			path = swoosh;
			sourceTree = "<group>";
		};
		EA4061011F6B527000E229F6 /* View */ = {
			isa = PBXGroup;
			children = (
				EA4061021F6B52BF00E229F6 /* BorderButton.swift */,
			);
			path = View;
			sourceTree = "<group>";
		};
		EA7271A01F707D4A00F171CE /* Controller */ = {
			isa = PBXGroup;
			children = (
				EA4060F11F6B4EC500E229F6 /* WelcomeVC.swift */,
				EA7271A21F707E3E00F171CE /* LeagueVC.swift */,
				EA7271A41F707E4C00F171CE /* SkillVC.swift */,
			);
			path = Controller;
			sourceTree = "<group>";
		};
		EA7271A11F707D5200F171CE /* Model */ = {
			isa = PBXGroup;
			children = (
			);
			path = Model;
			sourceTree = "<group>";
		};
/* End PBXGroup section */

/* Begin PBXNativeTarget section */
		EA4060EB1F6B4EC500E229F6 /* swoosh */ = {
			isa = PBXNativeTarget;
			buildConfigurationList = EA4060FE1F6B4EC500E229F6 /* Build configuration list for PBXNativeTarget "swoosh" */;
			buildPhases = (
				EA4060E81F6B4EC500E229F6 /* Sources */,
				EA4060E91F6B4EC500E229F6 /* Frameworks */,
				EA4060EA1F6B4EC500E229F6 /* Resources */,
			);
			buildRules = (
			);
			dependencies = (
			);
			name = swoosh;
			productName = swoosh;
			productReference = EA4060EC1F6B4EC500E229F6 /* swoosh.app */;
			productType = "com.apple.product-type.application";
		};
/* End PBXNativeTarget section */

/* Begin PBXProject section */
		EA4060E41F6B4EC500E229F6 /* Project object */ = {
			isa = PBXProject;
			attributes = {
				LastSwiftUpdateCheck = 0900;
				LastUpgradeCheck = 0900;
				ORGANIZATIONNAME = "Alexander Jones";
				TargetAttributes = {
					EA4060EB1F6B4EC500E229F6 = {
						CreatedOnToolsVersion = 9.0;
						ProvisioningStyle = Automatic;
					};
				};
			};
			buildConfigurationList = EA4060E71F6B4EC500E229F6 /* Build configuration list for PBXProject "swoosh" */;
			compatibilityVersion = "Xcode 8.0";
			developmentRegion = en;
			hasScannedForEncodings = 0;
			knownRegions = (
				en,
				Base,
			);
			mainGroup = EA4060E31F6B4EC500E229F6;
			productRefGroup = EA4060ED1F6B4EC500E229F6 /* Products */;
			projectDirPath = "";
			projectRoot = "";
			targets = (
				EA4060EB1F6B4EC500E229F6 /* swoosh */,
			);
		};
/* End PBXProject section */

/* Begin PBXResourcesBuildPhase section */
		EA4060EA1F6B4EC500E229F6 /* Resources */ = {
			isa = PBXResourcesBuildPhase;
			buildActionMask = 2147483647;
			files = (
				EA4060FA1F6B4EC500E229F6 /* LaunchScreen.storyboard in Resources */,
				EA4060F71F6B4EC500E229F6 /* Assets.xcassets in Resources */,
				EA4060F51F6B4EC500E229F6 /* Main.storyboard in Resources */,
			);
			runOnlyForDeploymentPostprocessing = 0;
		};
/* End PBXResourcesBuildPhase section */

/* Begin PBXSourcesBuildPhase section */
		EA4060E81F6B4EC500E229F6 /* Sources */ = {
			isa = PBXSourcesBuildPhase;
			buildActionMask = 2147483647;
			files = (
				EA4060F21F6B4EC500E229F6 /* WelcomeVC.swift in Sources */,
				EA7271A31F707E3E00F171CE /* LeagueVC.swift in Sources */,
				EA4060F01F6B4EC500E229F6 /* AppDelegate.swift in Sources */,
				EA7271A51F707E4C00F171CE /* SkillVC.swift in Sources */,
				EA4061031F6B52BF00E229F6 /* BorderButton.swift in Sources */,
			);
			runOnlyForDeploymentPostprocessing = 0;
		};
/* End PBXSourcesBuildPhase section */

/* Begin PBXVariantGroup section */
		EA4060F31F6B4EC500E229F6 /* Main.storyboard */ = {
			isa = PBXVariantGroup;
			children = (
				EA4060F41F6B4EC500E229F6 /* Base */,
			);
			name = Main.storyboard;
			sourceTree = "<group>";
		};
		EA4060F81F6B4EC500E229F6 /* LaunchScreen.storyboard */ = {
			isa = PBXVariantGroup;
			children = (
				EA4060F91F6B4EC500E229F6 /* Base */,
			);
			name = LaunchScreen.storyboard;
			sourceTree = "<group>";
		};
/* End PBXVariantGroup section */

/* Begin XCBuildConfiguration section */
		EA4060FC1F6B4EC500E229F6 /* Debug */ = {
			isa = XCBuildConfiguration;
			buildSettings = {
				ALWAYS_SEARCH_USER_PATHS = NO;
				CLANG_ANALYZER_NONNULL = YES;
				CLANG_ANALYZER_NUMBER_OBJECT_CONVERSION = YES_AGGRESSIVE;
				CLANG_CXX_LANGUAGE_STANDARD = "gnu++14";
				CLANG_CXX_LIBRARY = "libc++";
				CLANG_ENABLE_MODULES = YES;
				CLANG_ENABLE_OBJC_ARC = YES;
				CLANG_WARN_BLOCK_CAPTURE_AUTORELEASING = YES;
				CLANG_WARN_BOOL_CONVERSION = YES;
				CLANG_WARN_COMMA = YES;
				CLANG_WARN_CONSTANT_CONVERSION = YES;
				CLANG_WARN_DIRECT_OBJC_ISA_USAGE = YES_ERROR;
				CLANG_WARN_DOCUMENTATION_COMMENTS = YES;
				CLANG_WARN_EMPTY_BODY = YES;
				CLANG_WARN_ENUM_CONVERSION = YES;
				CLANG_WARN_INFINITE_RECURSION = YES;
				CLANG_WARN_INT_CONVERSION = YES;
				CLANG_WARN_NON_LITERAL_NULL_CONVERSION = YES;
				CLANG_WARN_OBJC_LITERAL_CONVERSION = YES;
				CLANG_WARN_OBJC_ROOT_CLASS = YES_ERROR;
				CLANG_WARN_RANGE_LOOP_ANALYSIS = YES;
				CLANG_WARN_STRICT_PROTOTYPES = YES;
				CLANG_WARN_SUSPICIOUS_MOVE = YES;
				CLANG_WARN_UNGUARDED_AVAILABILITY = YES_AGGRESSIVE;
				CLANG_WARN_UNREACHABLE_CODE = YES;
				CLANG_WARN__DUPLICATE_METHOD_MATCH = YES;
				CODE_SIGN_IDENTITY = "iPhone Developer";
				COPY_PHASE_STRIP = NO;
				DEBUG_INFORMATION_FORMAT = dwarf;
				ENABLE_STRICT_OBJC_MSGSEND = YES;
				ENABLE_TESTABILITY = YES;
				GCC_C_LANGUAGE_STANDARD = gnu11;
				GCC_DYNAMIC_NO_PIC = NO;
				GCC_NO_COMMON_BLOCKS = YES;
				GCC_OPTIMIZATION_LEVEL = 0;
				GCC_PREPROCESSOR_DEFINITIONS = (
					"DEBUG=1",
					"$(inherited)",
				);
				GCC_WARN_64_TO_32_BIT_CONVERSION = YES;
				GCC_WARN_ABOUT_RETURN_TYPE = YES_ERROR;
				GCC_WARN_UNDECLARED_SELECTOR = YES;
				GCC_WARN_UNINITIALIZED_AUTOS = YES_AGGRESSIVE;
				GCC_WARN_UNUSED_FUNCTION = YES;
				GCC_WARN_UNUSED_VARIABLE = YES;
				IPHONEOS_DEPLOYMENT_TARGET = 11.0;
				MTL_ENABLE_DEBUG_INFO = YES;
				ONLY_ACTIVE_ARCH = YES;
				SDKROOT = iphoneos;
				SWIFT_ACTIVE_COMPILATION_CONDITIONS = DEBUG;
				SWIFT_OPTIMIZATION_LEVEL = "-Onone";
			};
			name = Debug;
		};
		EA4060FD1F6B4EC500E229F6 /* Release */ = {
			isa = XCBuildConfiguration;
			buildSettings = {
				ALWAYS_SEARCH_USER_PATHS = NO;
				CLANG_ANALYZER_NONNULL = YES;
				CLANG_ANALYZER_NUMBER_OBJECT_CONVERSION = YES_AGGRESSIVE;
				CLANG_CXX_LANGUAGE_STANDARD = "gnu++14";
				CLANG_CXX_LIBRARY = "libc++";
				CLANG_ENABLE_MODULES = YES;
				CLANG_ENABLE_OBJC_ARC = YES;
				CLANG_WARN_BLOCK_CAPTURE_AUTORELEASING = YES;
				CLANG_WARN_BOOL_CONVERSION = YES;
				CLANG_WARN_COMMA = YES;
				CLANG_WARN_CONSTANT_CONVERSION = YES;
				CLANG_WARN_DIRECT_OBJC_ISA_USAGE = YES_ERROR;
				CLANG_WARN_DOCUMENTATION_COMMENTS = YES;
				CLANG_WARN_EMPTY_BODY = YES;
				CLANG_WARN_ENUM_CONVERSION = YES;
				CLANG_WARN_INFINITE_RECURSION = YES;
				CLANG_WARN_INT_CONVERSION = YES;
				CLANG_WARN_NON_LITERAL_NULL_CONVERSION = YES;
				CLANG_WARN_OBJC_LITERAL_CONVERSION = YES;
				CLANG_WARN_OBJC_ROOT_CLASS = YES_ERROR;
				CLANG_WARN_RANGE_LOOP_ANALYSIS = YES;
				CLANG_WARN_STRICT_PROTOTYPES = YES;
				CLANG_WARN_SUSPICIOUS_MOVE = YES;
				CLANG_WARN_UNGUARDED_AVAILABILITY = YES_AGGRESSIVE;
				CLANG_WARN_UNREACHABLE_CODE = YES;
				CLANG_WARN__DUPLICATE_METHOD_MATCH = YES;
				CODE_SIGN_IDENTITY = "iPhone Developer";
				COPY_PHASE_STRIP = NO;
				DEBUG_INFORMATION_FORMAT = "dwarf-with-dsym";
				ENABLE_NS_ASSERTIONS = NO;
				ENABLE_STRICT_OBJC_MSGSEND = YES;
				GCC_C_LANGUAGE_STANDARD = gnu11;
				GCC_NO_COMMON_BLOCKS = YES;
				GCC_WARN_64_TO_32_BIT_CONVERSION = YES;
				GCC_WARN_ABOUT_RETURN_TYPE = YES_ERROR;
				GCC_WARN_UNDECLARED_SELECTOR = YES;
				GCC_WARN_UNINITIALIZED_AUTOS = YES_AGGRESSIVE;
				GCC_WARN_UNUSED_FUNCTION = YES;
				GCC_WARN_UNUSED_VARIABLE = YES;
				IPHONEOS_DEPLOYMENT_TARGET = 11.0;
				MTL_ENABLE_DEBUG_INFO = NO;
				SDKROOT = iphoneos;
				SWIFT_OPTIMIZATION_LEVEL = "-Owholemodule";
				VALIDATE_PRODUCT = YES;
			};
			name = Release;
		};
		EA4060FF1F6B4EC500E229F6 /* Debug */ = {
			isa = XCBuildConfiguration;
			buildSettings = {
				ASSETCATALOG_COMPILER_APPICON_NAME = AppIcon;
				CODE_SIGN_STYLE = Automatic;
				INFOPLIST_FILE = swoosh/Info.plist;
				LD_RUNPATH_SEARCH_PATHS = "$(inherited) @executable_path/Frameworks";
				PRODUCT_BUNDLE_IDENTIFIER = com.alexchasejones.swoosh;
				PRODUCT_NAME = "$(TARGET_NAME)";
				SWIFT_VERSION = 4.0;
				TARGETED_DEVICE_FAMILY = "1,2";
			};
			name = Debug;
		};
		EA4061001F6B4EC500E229F6 /* Release */ = {
			isa = XCBuildConfiguration;
			buildSettings = {
				ASSETCATALOG_COMPILER_APPICON_NAME = AppIcon;
				CODE_SIGN_STYLE = Automatic;
				INFOPLIST_FILE = swoosh/Info.plist;
				LD_RUNPATH_SEARCH_PATHS = "$(inherited) @executable_path/Frameworks";
				PRODUCT_BUNDLE_IDENTIFIER = com.alexchasejones.swoosh;
				PRODUCT_NAME = "$(TARGET_NAME)";
				SWIFT_VERSION = 4.0;
				TARGETED_DEVICE_FAMILY = "1,2";
			};
			name = Release;
		};
/* End XCBuildConfiguration section */

/* Begin XCConfigurationList section */
		EA4060E71F6B4EC500E229F6 /* Build configuration list for PBXProject "swoosh" */ = {
			isa = XCConfigurationList;
			buildConfigurations = (
				EA4060FC1F6B4EC500E229F6 /* Debug */,
				EA4060FD1F6B4EC500E229F6 /* Release */,
			);
			defaultConfigurationIsVisible = 0;
			defaultConfigurationName = Release;
		};
		EA4060FE1F6B4EC500E229F6 /* Build configuration list for PBXNativeTarget "swoosh" */ = {
			isa = XCConfigurationList;
			buildConfigurations = (
				EA4060FF1F6B4EC500E229F6 /* Debug */,
				EA4061001F6B4EC500E229F6 /* Release */,
			);
			defaultConfigurationIsVisible = 0;
			defaultConfigurationName = Release;
		};
/* End XCConfigurationList section */
	};
	rootObject = EA4060E41F6B4EC500E229F6 /* Project object */;
}
